
Microsoft Visual Studio Solution File, Format Version 12.00
# Visual Studio Version 17
VisualStudioVersion = 17.7.34018.315
MinimumVisualStudioVersion = 10.0.40219.1
Project("{FAE04EC0-301F-11D3-BF4B-00C04F79EFBC}") = "Print32Int", "Print32Int.csproj", "{D1B95C5D-BA59-4ECD-B1AA-7518949E1F78}"
EndProject
Global
	GlobalSection(SolutionConfigurationPlatforms) = preSolution
		Debug|Any CPU = Debug|Any CPU
		Release|Any CPU = Release|Any CPU
	EndGlobalSection
	GlobalSection(ProjectConfigurationPlatforms) = postSolution
		{D1B95C5D-BA59-4ECD-B1AA-7518949E1F78}.Debug|Any CPU.ActiveCfg = Debug|Any CPU
		{D1B95C5D-BA59-4ECD-B1AA-7518949E1F78}.Debug|Any CPU.Build.0 = Debug|Any CPU
		{D1B95C5D-BA59-4ECD-B1AA-7518949E1F78}.Release|Any CPU.ActiveCfg = Release|Any CPU
		{D1B95C5D-BA59-4ECD-B1AA-7518949E1F78}.Release|Any CPU.Build.0 = Release|Any CPU
	EndGlobalSection
	GlobalSection(SolutionProperties) = preSolution
		HideSolutionNode = FALSE
	EndGlobalSection
	GlobalSection(ExtensibilityGlobals) = postSolution
		SolutionGuid = {6CCC925E-FB86-4BA8-A03B-4DF937BAD689}
	EndGlobalSection
EndGlobal
